
Microsoft Visual Studio Solution File, Format Version 12.00
# Visual Studio 14
VisualStudioVersion = 14.0.25420.1
MinimumVisualStudioVersion = 10.0.40219.1
Project("{FAE04EC0-301F-11D3-BF4B-00C04F79EFBC}") = "WebPort", "WebPort\WebPort\WebPort.csproj", "{8AEC6046-F1FC-4526-9190-A1F34494E17E}"
EndProject
Project("{FAE04EC0-301F-11D3-BF4B-00C04F79EFBC}") = "WebPort.Droid", "WebPort\WebPort.Droid\WebPort.Droid.csproj", "{6A551970-16D5-4681-8486-863FD2DF1591}"
EndProject
Project("{FAE04EC0-301F-11D3-BF4B-00C04F79EFBC}") = "WebPort.iOS", "WebPort\WebPort.iOS\WebPort.iOS.csproj", "{2A645AC3-C426-454E-8D65-1AFFD23BC9DB}"
EndProject
Project("{FAE04EC0-301F-11D3-BF4B-00C04F79EFBC}") = "WebPort.UWP", "WebPort\WebPort.UWP\WebPort.UWP.csproj", "{899B4060-D198-4AD2-9B1E-CC26B0C195A7}"
EndProject
Global
	GlobalSection(SolutionConfigurationPlatforms) = preSolution
		Ad-Hoc|Any CPU = Ad-Hoc|Any CPU
		Ad-Hoc|ARM = Ad-Hoc|ARM
		Ad-Hoc|iPhone = Ad-Hoc|iPhone
		Ad-Hoc|iPhoneSimulator = Ad-Hoc|iPhoneSimulator
		Ad-Hoc|x64 = Ad-Hoc|x64
		Ad-Hoc|x86 = Ad-Hoc|x86
		AppStore|Any CPU = AppStore|Any CPU
		AppStore|ARM = AppStore|ARM
		AppStore|iPhone = AppStore|iPhone
		AppStore|iPhoneSimulator = AppStore|iPhoneSimulator
		AppStore|x64 = AppStore|x64
		AppStore|x86 = AppStore|x86
		Debug|Any CPU = Debug|Any CPU
		Debug|ARM = Debug|ARM
		Debug|iPhone = Debug|iPhone
		Debug|iPhoneSimulator = Debug|iPhoneSimulator
		Debug|x64 = Debug|x64
		Debug|x86 = Debug|x86
		Release|Any CPU = Release|Any CPU
		Release|ARM = Release|ARM
		Release|iPhone = Release|iPhone
		Release|iPhoneSimulator = Release|iPhoneSimulator
		Release|x64 = Release|x64
		Release|x86 = Release|x86
	EndGlobalSection
	GlobalSection(ProjectConfigurationPlatforms) = postSolution
		{8AEC6046-F1FC-4526-9190-A1F34494E17E}.Ad-Hoc|Any CPU.ActiveCfg = Release|Any CPU
		{8AEC6046-F1FC-4526-9190-A1F34494E17E}.Ad-Hoc|Any CPU.Build.0 = Release|Any CPU
		{8AEC6046-F1FC-4526-9190-A1F34494E17E}.Ad-Hoc|ARM.ActiveCfg = Release|Any CPU
		{8AEC6046-F1FC-4526-9190-A1F34494E17E}.Ad-Hoc|ARM.Build.0 = Release|Any CPU
		{8AEC6046-F1FC-4526-9190-A1F34494E17E}.Ad-Hoc|iPhone.ActiveCfg = Release|Any CPU
		{8AEC6046-F1FC-4526-9190-A1F34494E17E}.Ad-Hoc|iPhone.Build.0 = Release|Any CPU
		{8AEC6046-F1FC-4526-9190-A1F34494E17E}.Ad-Hoc|iPhoneSimulator.ActiveCfg = Release|Any CPU
		{8AEC6046-F1FC-4526-9190-A1F34494E17E}.Ad-Hoc|iPhoneSimulator.Build.0 = Release|Any CPU
		{8AEC6046-F1FC-4526-9190-A1F34494E17E}.Ad-Hoc|x64.ActiveCfg = Release|Any CPU
		{8AEC6046-F1FC-4526-9190-A1F34494E17E}.Ad-Hoc|x64.Build.0 = Release|Any CPU
		{8AEC6046-F1FC-4526-9190-A1F34494E17E}.Ad-Hoc|x86.ActiveCfg = Release|Any CPU
		{8AEC6046-F1FC-4526-9190-A1F34494E17E}.Ad-Hoc|x86.Build.0 = Release|Any CPU
		{8AEC6046-F1FC-4526-9190-A1F34494E17E}.AppStore|Any CPU.ActiveCfg = Release|Any CPU
		{8AEC6046-F1FC-4526-9190-A1F34494E17E}.AppStore|Any CPU.Build.0 = Release|Any CPU
		{8AEC6046-F1FC-4526-9190-A1F34494E17E}.AppStore|ARM.ActiveCfg = Release|Any CPU
		{8AEC6046-F1FC-4526-9190-A1F34494E17E}.AppStore|ARM.Build.0 = Release|Any CPU
		{8AEC6046-F1FC-4526-9190-A1F34494E17E}.AppStore|iPhone.ActiveCfg = Release|Any CPU
		{8AEC6046-F1FC-4526-9190-A1F34494E17E}.AppStore|iPhone.Build.0 = Release|Any CPU
		{8AEC6046-F1FC-4526-9190-A1F34494E17E}.AppStore|iPhoneSimulator.ActiveCfg = Release|Any CPU
		{8AEC6046-F1FC-4526-9190-A1F34494E17E}.AppStore|iPhoneSimulator.Build.0 = Release|Any CPU
		{8AEC6046-F1FC-4526-9190-A1F34494E17E}.AppStore|x64.ActiveCfg = Release|Any CPU
		{8AEC6046-F1FC-4526-9190-A1F34494E17E}.AppStore|x64.Build.0 = Release|Any CPU
		{8AEC6046-F1FC-4526-9190-A1F34494E17E}.AppStore|x86.ActiveCfg = Release|Any CPU
		{8AEC6046-F1FC-4526-9190-A1F34494E17E}.AppStore|x86.Build.0 = Release|Any CPU
		{8AEC6046-F1FC-4526-9190-A1F34494E17E}.Debug|Any CPU.ActiveCfg = Debug|Any CPU
		{8AEC6046-F1FC-4526-9190-A1F34494E17E}.Debug|Any CPU.Build.0 = Debug|Any CPU
		{8AEC6046-F1FC-4526-9190-A1F34494E17E}.Debug|ARM.ActiveCfg = Debug|Any CPU
		{8AEC6046-F1FC-4526-9190-A1F34494E17E}.Debug|ARM.Build.0 = Debug|Any CPU
		{8AEC6046-F1FC-4526-9190-A1F34494E17E}.Debug|iPhone.ActiveCfg = Debug|Any CPU
		{8AEC6046-F1FC-4526-9190-A1F34494E17E}.Debug|iPhone.Build.0 = Debug|Any CPU
		{8AEC6046-F1FC-4526-9190-A1F34494E17E}.Debug|iPhoneSimulator.ActiveCfg = Debug|Any CPU
		{8AEC6046-F1FC-4526-9190-A1F34494E17E}.Debug|iPhoneSimulator.Build.0 = Debug|Any CPU
		{8AEC6046-F1FC-4526-9190-A1F34494E17E}.Debug|x64.ActiveCfg = Debug|Any CPU
		{8AEC6046-F1FC-4526-9190-A1F34494E17E}.Debug|x64.Build.0 = Debug|Any CPU
		{8AEC6046-F1FC-4526-9190-A1F34494E17E}.Debug|x86.ActiveCfg = Debug|Any CPU
		{8AEC6046-F1FC-4526-9190-A1F34494E17E}.Debug|x86.Build.0 = Debug|Any CPU
		{8AEC6046-F1FC-4526-9190-A1F34494E17E}.Release|Any CPU.ActiveCfg = Release|Any CPU
		{8AEC6046-F1FC-4526-9190-A1F34494E17E}.Release|Any CPU.Build.0 = Release|Any CPU
		{8AEC6046-F1FC-4526-9190-A1F34494E17E}.Release|ARM.ActiveCfg = Release|Any CPU
		{8AEC6046-F1FC-4526-9190-A1F34494E17E}.Release|ARM.Build.0 = Release|Any CPU
		{8AEC6046-F1FC-4526-9190-A1F34494E17E}.Release|iPhone.ActiveCfg = Release|Any CPU
		{8AEC6046-F1FC-4526-9190-A1F34494E17E}.Release|iPhone.Build.0 = Release|Any CPU
		{8AEC6046-F1FC-4526-9190-A1F34494E17E}.Release|iPhoneSimulator.ActiveCfg = Release|Any CPU
		{8AEC6046-F1FC-4526-9190-A1F34494E17E}.Release|iPhoneSimulator.Build.0 = Release|Any CPU
		{8AEC6046-F1FC-4526-9190-A1F34494E17E}.Release|x64.ActiveCfg = Release|Any CPU
		{8AEC6046-F1FC-4526-9190-A1F34494E17E}.Release|x64.Build.0 = Release|Any CPU
		{8AEC6046-F1FC-4526-9190-A1F34494E17E}.Release|x86.ActiveCfg = Release|Any CPU
		{8AEC6046-F1FC-4526-9190-A1F34494E17E}.Release|x86.Build.0 = Release|Any CPU
		{6A551970-16D5-4681-8486-863FD2DF1591}.Ad-Hoc|Any CPU.ActiveCfg = Release|Any CPU
		{6A551970-16D5-4681-8486-863FD2DF1591}.Ad-Hoc|Any CPU.Build.0 = Release|Any CPU
		{6A551970-16D5-4681-8486-863FD2DF1591}.Ad-Hoc|Any CPU.Deploy.0 = Release|Any CPU
		{6A551970-16D5-4681-8486-863FD2DF1591}.Ad-Hoc|ARM.ActiveCfg = Release|Any CPU
		{6A551970-16D5-4681-8486-863FD2DF1591}.Ad-Hoc|ARM.Build.0 = Release|Any CPU
		{6A551970-16D5-4681-8486-863FD2DF1591}.Ad-Hoc|ARM.Deploy.0 = Release|Any CPU
		{6A551970-16D5-4681-8486-863FD2DF1591}.Ad-Hoc|iPhone.ActiveCfg = Release|Any CPU
		{6A551970-16D5-4681-8486-863FD2DF1591}.Ad-Hoc|iPhone.Build.0 = Release|Any CPU
		{6A551970-16D5-4681-8486-863FD2DF1591}.Ad-Hoc|iPhone.Deploy.0 = Release|Any CPU
		{6A551970-16D5-4681-8486-863FD2DF1591}.Ad-Hoc|iPhoneSimulator.ActiveCfg = Release|Any CPU
		{6A551970-16D5-4681-8486-863FD2DF1591}.Ad-Hoc|iPhoneSimulator.Build.0 = Release|Any CPU
		{6A551970-16D5-4681-8486-863FD2DF1591}.Ad-Hoc|iPhoneSimulator.Deploy.0 = Release|Any CPU
		{6A551970-16D5-4681-8486-863FD2DF1591}.Ad-Hoc|x64.ActiveCfg = Release|Any CPU
		{6A551970-16D5-4681-8486-863FD2DF1591}.Ad-Hoc|x64.Build.0 = Release|Any CPU
		{6A551970-16D5-4681-8486-863FD2DF1591}.Ad-Hoc|x64.Deploy.0 = Release|Any CPU
		{6A551970-16D5-4681-8486-863FD2DF1591}.Ad-Hoc|x86.ActiveCfg = Release|Any CPU
		{6A551970-16D5-4681-8486-863FD2DF1591}.Ad-Hoc|x86.Build.0 = Release|Any CPU
		{6A551970-16D5-4681-8486-863FD2DF1591}.Ad-Hoc|x86.Deploy.0 = Release|Any CPU
		{6A551970-16D5-4681-8486-863FD2DF1591}.AppStore|Any CPU.ActiveCfg = Release|Any CPU
		{6A551970-16D5-4681-8486-863FD2DF1591}.AppStore|Any CPU.Build.0 = Release|Any CPU
		{6A551970-16D5-4681-8486-863FD2DF1591}.AppStore|Any CPU.Deploy.0 = Release|Any CPU
		{6A551970-16D5-4681-8486-863FD2DF1591}.AppStore|ARM.ActiveCfg = Release|Any CPU
		{6A551970-16D5-4681-8486-863FD2DF1591}.AppStore|ARM.Build.0 = Release|Any CPU
		{6A551970-16D5-4681-8486-863FD2DF1591}.AppStore|ARM.Deploy.0 = Release|Any CPU
		{6A551970-16D5-4681-8486-863FD2DF1591}.AppStore|iPhone.ActiveCfg = Release|Any CPU
		{6A551970-16D5-4681-8486-863FD2DF1591}.AppStore|iPhone.Build.0 = Release|Any CPU
		{6A551970-16D5-4681-8486-863FD2DF1591}.AppStore|iPhone.Deploy.0 = Release|Any CPU
		{6A551970-16D5-4681-8486-863FD2DF1591}.AppStore|iPhoneSimulator.ActiveCfg = Release|Any CPU
		{6A551970-16D5-4681-8486-863FD2DF1591}.AppStore|iPhoneSimulator.Build.0 = Release|Any CPU
		{6A551970-16D5-4681-8486-863FD2DF1591}.AppStore|iPhoneSimulator.Deploy.0 = Release|Any CPU
		{6A551970-16D5-4681-8486-863FD2DF1591}.AppStore|x64.ActiveCfg = Release|Any CPU
		{6A551970-16D5-4681-8486-863FD2DF1591}.AppStore|x64.Build.0 = Release|Any CPU
		{6A551970-16D5-4681-8486-863FD2DF1591}.AppStore|x64.Deploy.0 = Release|Any CPU
		{6A551970-16D5-4681-8486-863FD2DF1591}.AppStore|x86.ActiveCfg = Release|Any CPU
		{6A551970-16D5-4681-8486-863FD2DF1591}.AppStore|x86.Build.0 = Release|Any CPU
		{6A551970-16D5-4681-8486-863FD2DF1591}.AppStore|x86.Deploy.0 = Release|Any CPU
		{6A551970-16D5-4681-8486-863FD2DF1591}.Debug|Any CPU.ActiveCfg = Debug|Any CPU
		{6A551970-16D5-4681-8486-863FD2DF1591}.Debug|Any CPU.Build.0 = Debug|Any CPU
		{6A551970-16D5-4681-8486-863FD2DF1591}.Debug|Any CPU.Deploy.0 = Debug|Any CPU
		{6A551970-16D5-4681-8486-863FD2DF1591}.Debug|ARM.ActiveCfg = Debug|Any CPU
		{6A551970-16D5-4681-8486-863FD2DF1591}.Debug|ARM.Build.0 = Debug|Any CPU
		{6A551970-16D5-4681-8486-863FD2DF1591}.Debug|ARM.Deploy.0 = Debug|Any CPU
		{6A551970-16D5-4681-8486-863FD2DF1591}.Debug|iPhone.ActiveCfg = Debug|Any CPU
		{6A551970-16D5-4681-8486-863FD2DF1591}.Debug|iPhone.Build.0 = Debug|Any CPU
		{6A551970-16D5-4681-8486-863FD2DF1591}.Debug|iPhone.Deploy.0 = Debug|Any CPU
		{6A551970-16D5-4681-8486-863FD2DF1591}.Debug|iPhoneSimulator.ActiveCfg = Debug|Any CPU
		{6A551970-16D5-4681-8486-863FD2DF1591}.Debug|iPhoneSimulator.Build.0 = Debug|Any CPU
		{6A551970-16D5-4681-8486-863FD2DF1591}.Debug|iPhoneSimulator.Deploy.0 = Debug|Any CPU
		{6A551970-16D5-4681-8486-863FD2DF1591}.Debug|x64.ActiveCfg = Debug|Any CPU
		{6A551970-16D5-4681-8486-863FD2DF1591}.Debug|x64.Build.0 = Debug|Any CPU
		{6A551970-16D5-4681-8486-863FD2DF1591}.Debug|x64.Deploy.0 = Debug|Any CPU
		{6A551970-16D5-4681-8486-863FD2DF1591}.Debug|x86.ActiveCfg = Debug|Any CPU
		{6A551970-16D5-4681-8486-863FD2DF1591}.Release|Any CPU.ActiveCfg = Release|Any CPU
		{6A551970-16D5-4681-8486-863FD2DF1591}.Release|Any CPU.Build.0 = Release|Any CPU
		{6A551970-16D5-4681-8486-863FD2DF1591}.Release|Any CPU.Deploy.0 = Release|Any CPU
		{6A551970-16D5-4681-8486-863FD2DF1591}.Release|ARM.ActiveCfg = Release|Any CPU
		{6A551970-16D5-4681-8486-863FD2DF1591}.Release|ARM.Build.0 = Release|Any CPU
		{6A551970-16D5-4681-8486-863FD2DF1591}.Release|ARM.Deploy.0 = Release|Any CPU
		{6A551970-16D5-4681-8486-863FD2DF1591}.Release|iPhone.ActiveCfg = Release|Any CPU
		{6A551970-16D5-4681-8486-863FD2DF1591}.Release|iPhone.Build.0 = Release|Any CPU
		{6A551970-16D5-4681-8486-863FD2DF1591}.Release|iPhone.Deploy.0 = Release|Any CPU
		{6A551970-16D5-4681-8486-863FD2DF1591}.Release|iPhoneSimulator.ActiveCfg = Release|Any CPU
		{6A551970-16D5-4681-8486-863FD2DF1591}.Release|iPhoneSimulator.Build.0 = Release|Any CPU
		{6A551970-16D5-4681-8486-863FD2DF1591}.Release|iPhoneSimulator.Deploy.0 = Release|Any CPU
		{6A551970-16D5-4681-8486-863FD2DF1591}.Release|x64.ActiveCfg = Release|Any CPU
		{6A551970-16D5-4681-8486-863FD2DF1591}.Release|x64.Build.0 = Release|Any CPU
		{6A551970-16D5-4681-8486-863FD2DF1591}.Release|x64.Deploy.0 = Release|Any CPU
		{6A551970-16D5-4681-8486-863FD2DF1591}.Release|x86.ActiveCfg = Release|Any CPU
		{6A551970-16D5-4681-8486-863FD2DF1591}.Release|x86.Build.0 = Release|Any CPU
		{6A551970-16D5-4681-8486-863FD2DF1591}.Release|x86.Deploy.0 = Release|Any CPU
		{2A645AC3-C426-454E-8D65-1AFFD23BC9DB}.Ad-Hoc|Any CPU.ActiveCfg = Ad-Hoc|iPhone
		{2A645AC3-C426-454E-8D65-1AFFD23BC9DB}.Ad-Hoc|ARM.ActiveCfg = Ad-Hoc|iPhone
		{2A645AC3-C426-454E-8D65-1AFFD23BC9DB}.Ad-Hoc|iPhone.ActiveCfg = Ad-Hoc|iPhone
		{2A645AC3-C426-454E-8D65-1AFFD23BC9DB}.Ad-Hoc|iPhone.Build.0 = Ad-Hoc|iPhone
		{2A645AC3-C426-454E-8D65-1AFFD23BC9DB}.Ad-Hoc|iPhoneSimulator.ActiveCfg = Ad-Hoc|iPhoneSimulator
		{2A645AC3-C426-454E-8D65-1AFFD23BC9DB}.Ad-Hoc|iPhoneSimulator.Build.0 = Ad-Hoc|iPhoneSimulator
		{2A645AC3-C426-454E-8D65-1AFFD23BC9DB}.Ad-Hoc|x64.ActiveCfg = Ad-Hoc|iPhone
		{2A645AC3-C426-454E-8D65-1AFFD23BC9DB}.Ad-Hoc|x86.ActiveCfg = Ad-Hoc|iPhone
		{2A645AC3-C426-454E-8D65-1AFFD23BC9DB}.AppStore|Any CPU.ActiveCfg = AppStore|iPhone
		{2A645AC3-C426-454E-8D65-1AFFD23BC9DB}.AppStore|ARM.ActiveCfg = AppStore|iPhone
		{2A645AC3-C426-454E-8D65-1AFFD23BC9DB}.AppStore|iPhone.ActiveCfg = AppStore|iPhone
		{2A645AC3-C426-454E-8D65-1AFFD23BC9DB}.AppStore|iPhone.Build.0 = AppStore|iPhone
		{2A645AC3-C426-454E-8D65-1AFFD23BC9DB}.AppStore|iPhoneSimulator.ActiveCfg = AppStore|iPhoneSimulator
		{2A645AC3-C426-454E-8D65-1AFFD23BC9DB}.AppStore|iPhoneSimulator.Build.0 = AppStore|iPhoneSimulator
		{2A645AC3-C426-454E-8D65-1AFFD23BC9DB}.AppStore|x64.ActiveCfg = AppStore|iPhone
		{2A645AC3-C426-454E-8D65-1AFFD23BC9DB}.AppStore|x86.ActiveCfg = AppStore|iPhone
		{2A645AC3-C426-454E-8D65-1AFFD23BC9DB}.Debug|Any CPU.ActiveCfg = Debug|iPhone
		{2A645AC3-C426-454E-8D65-1AFFD23BC9DB}.Debug|ARM.ActiveCfg = Debug|iPhone
		{2A645AC3-C426-454E-8D65-1AFFD23BC9DB}.Debug|iPhone.ActiveCfg = Debug|iPhone
		{2A645AC3-C426-454E-8D65-1AFFD23BC9DB}.Debug|iPhone.Build.0 = Debug|iPhone
		{2A645AC3-C426-454E-8D65-1AFFD23BC9DB}.Debug|iPhoneSimulator.ActiveCfg = Debug|iPhoneSimulator
		{2A645AC3-C426-454E-8D65-1AFFD23BC9DB}.Debug|iPhoneSimulator.Build.0 = Debug|iPhoneSimulator
		{2A645AC3-C426-454E-8D65-1AFFD23BC9DB}.Debug|x64.ActiveCfg = Debug|iPhone
		{2A645AC3-C426-454E-8D65-1AFFD23BC9DB}.Debug|x86.ActiveCfg = Debug|iPhone
		{2A645AC3-C426-454E-8D65-1AFFD23BC9DB}.Release|Any CPU.ActiveCfg = Release|iPhone
		{2A645AC3-C426-454E-8D65-1AFFD23BC9DB}.Release|ARM.ActiveCfg = Release|iPhone
		{2A645AC3-C426-454E-8D65-1AFFD23BC9DB}.Release|iPhone.ActiveCfg = Release|iPhone
		{2A645AC3-C426-454E-8D65-1AFFD23BC9DB}.Release|iPhone.Build.0 = Release|iPhone
		{2A645AC3-C426-454E-8D65-1AFFD23BC9DB}.Release|iPhoneSimulator.ActiveCfg = Release|iPhoneSimulator
		{2A645AC3-C426-454E-8D65-1AFFD23BC9DB}.Release|iPhoneSimulator.Build.0 = Release|iPhoneSimulator
		{2A645AC3-C426-454E-8D65-1AFFD23BC9DB}.Release|x64.ActiveCfg = Release|iPhone
		{2A645AC3-C426-454E-8D65-1AFFD23BC9DB}.Release|x86.ActiveCfg = Release|iPhone
		{899B4060-D198-4AD2-9B1E-CC26B0C195A7}.Ad-Hoc|Any CPU.ActiveCfg = Release|x86
		{899B4060-D198-4AD2-9B1E-CC26B0C195A7}.Ad-Hoc|Any CPU.Build.0 = Release|x86
		{899B4060-D198-4AD2-9B1E-CC26B0C195A7}.Ad-Hoc|Any CPU.Deploy.0 = Release|x86
		{899B4060-D198-4AD2-9B1E-CC26B0C195A7}.Ad-Hoc|ARM.ActiveCfg = Release|ARM
		{899B4060-D198-4AD2-9B1E-CC26B0C195A7}.Ad-Hoc|ARM.Build.0 = Release|ARM
		{899B4060-D198-4AD2-9B1E-CC26B0C195A7}.Ad-Hoc|ARM.Deploy.0 = Release|ARM
		{899B4060-D198-4AD2-9B1E-CC26B0C195A7}.Ad-Hoc|iPhone.ActiveCfg = Release|x86
		{899B4060-D198-4AD2-9B1E-CC26B0C195A7}.Ad-Hoc|iPhone.Build.0 = Release|x86
		{899B4060-D198-4AD2-9B1E-CC26B0C195A7}.Ad-Hoc|iPhone.Deploy.0 = Release|x86
		{899B4060-D198-4AD2-9B1E-CC26B0C195A7}.Ad-Hoc|iPhoneSimulator.ActiveCfg = Release|x86
		{899B4060-D198-4AD2-9B1E-CC26B0C195A7}.Ad-Hoc|iPhoneSimulator.Build.0 = Release|x86
		{899B4060-D198-4AD2-9B1E-CC26B0C195A7}.Ad-Hoc|iPhoneSimulator.Deploy.0 = Release|x86
		{899B4060-D198-4AD2-9B1E-CC26B0C195A7}.Ad-Hoc|x64.ActiveCfg = Release|x64
		{899B4060-D198-4AD2-9B1E-CC26B0C195A7}.Ad-Hoc|x64.Build.0 = Release|x64
		{899B4060-D198-4AD2-9B1E-CC26B0C195A7}.Ad-Hoc|x64.Deploy.0 = Release|x64
		{899B4060-D198-4AD2-9B1E-CC26B0C195A7}.Ad-Hoc|x86.ActiveCfg = Release|x86
		{899B4060-D198-4AD2-9B1E-CC26B0C195A7}.Ad-Hoc|x86.Build.0 = Release|x86
		{899B4060-D198-4AD2-9B1E-CC26B0C195A7}.Ad-Hoc|x86.Deploy.0 = Release|x86
		{899B4060-D198-4AD2-9B1E-CC26B0C195A7}.AppStore|Any CPU.ActiveCfg = Release|x86
		{899B4060-D198-4AD2-9B1E-CC26B0C195A7}.AppStore|Any CPU.Build.0 = Release|x86
		{899B4060-D198-4AD2-9B1E-CC26B0C195A7}.AppStore|Any CPU.Deploy.0 = Release|x86
		{899B4060-D198-4AD2-9B1E-CC26B0C195A7}.AppStore|ARM.ActiveCfg = Release|ARM
		{899B4060-D198-4AD2-9B1E-CC26B0C195A7}.AppStore|ARM.Build.0 = Release|ARM
		{899B4060-D198-4AD2-9B1E-CC26B0C195A7}.AppStore|ARM.Deploy.0 = Release|ARM
		{899B4060-D198-4AD2-9B1E-CC26B0C195A7}.AppStore|iPhone.ActiveCfg = Release|x86
		{899B4060-D198-4AD2-9B1E-CC26B0C195A7}.AppStore|iPhone.Build.0 = Release|x86
		{899B4060-D198-4AD2-9B1E-CC26B0C195A7}.AppStore|iPhone.Deploy.0 = Release|x86
		{899B4060-D198-4AD2-9B1E-CC26B0C195A7}.AppStore|iPhoneSimulator.ActiveCfg = Release|x86
		{899B4060-D198-4AD2-9B1E-CC26B0C195A7}.AppStore|iPhoneSimulator.Build.0 = Release|x86
		{899B4060-D198-4AD2-9B1E-CC26B0C195A7}.AppStore|iPhoneSimulator.Deploy.0 = Release|x86
		{899B4060-D198-4AD2-9B1E-CC26B0C195A7}.AppStore|x64.ActiveCfg = Release|x64
		{899B4060-D198-4AD2-9B1E-CC26B0C195A7}.AppStore|x64.Build.0 = Release|x64
		{899B4060-D198-4AD2-9B1E-CC26B0C195A7}.AppStore|x64.Deploy.0 = Release|x64
		{899B4060-D198-4AD2-9B1E-CC26B0C195A7}.AppStore|x86.ActiveCfg = Release|x86
		{899B4060-D198-4AD2-9B1E-CC26B0C195A7}.AppStore|x86.Build.0 = Release|x86
		{899B4060-D198-4AD2-9B1E-CC26B0C195A7}.AppStore|x86.Deploy.0 = Release|x86
		{899B4060-D198-4AD2-9B1E-CC26B0C195A7}.Debug|Any CPU.ActiveCfg = Debug|x86
		{899B4060-D198-4AD2-9B1E-CC26B0C195A7}.Debug|Any CPU.Build.0 = Debug|x86
		{899B4060-D198-4AD2-9B1E-CC26B0C195A7}.Debug|Any CPU.Deploy.0 = Debug|x86
		{899B4060-D198-4AD2-9B1E-CC26B0C195A7}.Debug|ARM.ActiveCfg = Debug|ARM
		{899B4060-D198-4AD2-9B1E-CC26B0C195A7}.Debug|ARM.Build.0 = Debug|ARM
		{899B4060-D198-4AD2-9B1E-CC26B0C195A7}.Debug|ARM.Deploy.0 = Debug|ARM
		{899B4060-D198-4AD2-9B1E-CC26B0C195A7}.Debug|iPhone.ActiveCfg = Debug|x86
		{899B4060-D198-4AD2-9B1E-CC26B0C195A7}.Debug|iPhoneSimulator.ActiveCfg = Debug|x86
		{899B4060-D198-4AD2-9B1E-CC26B0C195A7}.Debug|x64.ActiveCfg = Debug|x64
		{899B4060-D198-4AD2-9B1E-CC26B0C195A7}.Debug|x64.Build.0 = Debug|x64
		{899B4060-D198-4AD2-9B1E-CC26B0C195A7}.Debug|x64.Deploy.0 = Debug|x64
		{899B4060-D198-4AD2-9B1E-CC26B0C195A7}.Debug|x86.ActiveCfg = Debug|x86
		{899B4060-D198-4AD2-9B1E-CC26B0C195A7}.Debug|x86.Build.0 = Debug|x86
		{899B4060-D198-4AD2-9B1E-CC26B0C195A7}.Debug|x86.Deploy.0 = Debug|x86
		{899B4060-D198-4AD2-9B1E-CC26B0C195A7}.Release|Any CPU.ActiveCfg = Release|x86
		{899B4060-D198-4AD2-9B1E-CC26B0C195A7}.Release|ARM.ActiveCfg = Release|ARM
		{899B4060-D198-4AD2-9B1E-CC26B0C195A7}.Release|ARM.Build.0 = Release|ARM
		{899B4060-D198-4AD2-9B1E-CC26B0C195A7}.Release|ARM.Deploy.0 = Release|ARM
		{899B4060-D198-4AD2-9B1E-CC26B0C195A7}.Release|iPhone.ActiveCfg = Release|x86
		{899B4060-D198-4AD2-9B1E-CC26B0C195A7}.Release|iPhoneSimulator.ActiveCfg = Release|x86
		{899B4060-D198-4AD2-9B1E-CC26B0C195A7}.Release|x64.ActiveCfg = Release|x64
		{899B4060-D198-4AD2-9B1E-CC26B0C195A7}.Release|x64.Build.0 = Release|x64
		{899B4060-D198-4AD2-9B1E-CC26B0C195A7}.Release|x64.Deploy.0 = Release|x64
		{899B4060-D198-4AD2-9B1E-CC26B0C195A7}.Release|x86.ActiveCfg = Release|x86
		{899B4060-D198-4AD2-9B1E-CC26B0C195A7}.Release|x86.Build.0 = Release|x86
		{899B4060-D198-4AD2-9B1E-CC26B0C195A7}.Release|x86.Deploy.0 = Release|x86
	EndGlobalSection
	GlobalSection(SolutionProperties) = preSolution
		HideSolutionNode = FALSE
	EndGlobalSection
EndGlobal
